
Microsoft Visual Studio Solution File, Format Version 12.00
# Visual Studio Version 16
VisualStudioVersion = 16.0.31112.23
MinimumVisualStudioVersion = 10.0.40219.1
Project("{FAE04EC0-301F-11D3-BF4B-00C04F79EFBC}") = "Lab10_2", "Lab10_2\Lab10_2.csproj", "{39818736-95B0-416C-BE45-81E3E312AB9D}"
EndProject
Global
	GlobalSection(SolutionConfigurationPlatforms) = preSolution
		Debug|Any CPU = Debug|Any CPU
		Release|Any CPU = Release|Any CPU
	EndGlobalSection
	GlobalSection(ProjectConfigurationPlatforms) = postSolution
		{39818736-95B0-416C-BE45-81E3E312AB9D}.Debug|Any CPU.ActiveCfg = Debug|Any CPU
		{39818736-95B0-416C-BE45-81E3E312AB9D}.Debug|Any CPU.Build.0 = Debug|Any CPU
		{39818736-95B0-416C-BE45-81E3E312AB9D}.Release|Any CPU.ActiveCfg = Release|Any CPU
		{39818736-95B0-416C-BE45-81E3E312AB9D}.Release|Any CPU.Build.0 = Release|Any CPU
	EndGlobalSection
	GlobalSection(SolutionProperties) = preSolution
		HideSolutionNode = FALSE
	EndGlobalSection
	GlobalSection(ExtensibilityGlobals) = postSolution
		SolutionGuid = {EDA6D807-F1C6-49D9-B61A-BA26222935C9}
	EndGlobalSection
EndGlobal
